// !$*UTF8*$!
{
	archiveVersion = 1;
	classes = {
	};
	objectVersion = 77;
	objects = {

/* Begin PBXContainerItemProxy section */
		0F80313B2F787F47007671DC /* PBXContainerItemProxy */ = {
			isa = PBXContainerItemProxy;
			containerPortal = 0F8031252F787F45007671DC /* Project object */;
			proxyType = 1;
			remoteGlobalIDString = 0F80312C2F787F45007671DC;
			remoteInfo = AuriTails;
		};
		0F8031452F787F47007671DC /* PBXContainerItemProxy */ = {
			isa = PBXContainerItemProxy;
			containerPortal = 0F8031252F787F45007671DC /* Project object */;
			proxyType = 1;
			remoteGlobalIDString = 0F80312C2F787F45007671DC;
			remoteInfo = AuriTails;
		};
/* End PBXContainerItemProxy section */

/* Begin PBXFileReference section */
		0F80312D2F787F45007671DC /* AuriTails.app */ = {isa = PBXFileReference; explicitFileType = wrapper.application; includeInIndex = 0; path = AuriTails.app; sourceTree = BUILT_PRODUCTS_DIR; };
		0F80313A2F787F47007671DC /* AuriTailsTests.xctest */ = {isa = PBXFileReference; explicitFileType = wrapper.cfbundle; includeInIndex = 0; path = AuriTailsTests.xctest; sourceTree = BUILT_PRODUCTS_DIR; };
		0F8031442F787F47007671DC /* AuriTailsUITests.xctest */ = {isa = PBXFileReference; explicitFileType = wrapper.cfbundle; includeInIndex = 0; path = AuriTailsUITests.xctest; sourceTree = BUILT_PRODUCTS_DIR; };
/* End PBXFileReference section */

/* Begin PBXFileSystemSynchronizedBuildFileExceptionSet section */
		0F8031932F787F8E007671DC /* Exceptions for "AuriTails" folder in "AuriTailsTests" target */ = {
			isa = PBXFileSystemSynchronizedBuildFileExceptionSet;
			membershipExceptions = (
				App/AuriTailsApp.swift,
				App/RootView.swift,
				Models/AppModels.swift,
				README.md,
				Services/AppStateStore.swift,
				"Services/AppStateStore+LegacyMigration.swift",
				"Services/AppStateStore+Mapping.swift",
				Services/CoreDataModelFactory.swift,
				Services/NotificationScheduler.swift,
				Services/PersistenceController.swift,
				Services/PetInsightEngine.swift,
				ViewModels/AppViewModel.swift,
				Views/AICompanionView.swift,
				Views/CompanionEditors.swift,
				Views/DashboardView.swift,
				Views/MemoriesView.swift,
				Views/NotificationSettingsView.swift,
				Views/OnboardingFlowView.swift,
				Views/RoutinesView.swift,
				Views/SharedUI.swift,
				Views/WellnessView.swift,
			);
			target = 0F8031392F787F47007671DC /* AuriTailsTests */;
		};
		0F8031942F787F8E007671DC /* Exceptions for "AuriTails" folder in "AuriTailsUITests" target */ = {
			isa = PBXFileSystemSynchronizedBuildFileExceptionSet;
			membershipExceptions = (
				App/AuriTailsApp.swift,
				App/RootView.swift,
				Models/AppModels.swift,
				README.md,
				Services/AppStateStore.swift,
				"Services/AppStateStore+LegacyMigration.swift",
				"Services/AppStateStore+Mapping.swift",
				Services/CoreDataModelFactory.swift,
				Services/NotificationScheduler.swift,
				Services/PersistenceController.swift,
				Services/PetInsightEngine.swift,
				ViewModels/AppViewModel.swift,
				Views/AICompanionView.swift,
				Views/CompanionEditors.swift,
				Views/DashboardView.swift,
				Views/MemoriesView.swift,
				Views/NotificationSettingsView.swift,
				Views/OnboardingFlowView.swift,
				Views/RoutinesView.swift,
				Views/SharedUI.swift,
				Views/WellnessView.swift,
			);
			target = 0F8031432F787F47007671DC /* AuriTailsUITests */;
		};
		0F8031952F788040007671DC /* Exceptions for "AuriTailsTests" folder in "AuriTailsTests" target */ = {
			isa = PBXFileSystemSynchronizedBuildFileExceptionSet;
			membershipExceptions = (
				AuriTailsTests.swift,
			);
			target = 0F8031392F787F47007671DC /* AuriTailsTests */;
		};
		0F8031962F788040007671DC /* Exceptions for "AuriTailsTests" folder in "AuriTailsUITests" target */ = {
			isa = PBXFileSystemSynchronizedBuildFileExceptionSet;
			membershipExceptions = (
				AuriTailsTests.swift,
			);
			target = 0F8031432F787F47007671DC /* AuriTailsUITests */;
		};
/* End PBXFileSystemSynchronizedBuildFileExceptionSet section */

/* Begin PBXFileSystemSynchronizedRootGroup section */
		0F80312F2F787F45007671DC /* AuriTails */ = {
			isa = PBXFileSystemSynchronizedRootGroup;
			exceptions = (
				0F8031932F787F8E007671DC /* Exceptions for "AuriTails" folder in "AuriTailsTests" target */,
				0F8031942F787F8E007671DC /* Exceptions for "AuriTails" folder in "AuriTailsUITests" target */,
			);
			path = AuriTails;
			sourceTree = "<group>";
		};
		0F80313D2F787F47007671DC /* AuriTailsTests */ = {
			isa = PBXFileSystemSynchronizedRootGroup;
			exceptions = (
				0F8031952F788040007671DC /* Exceptions for "AuriTailsTests" folder in "AuriTailsTests" target */,
				0F8031962F788040007671DC /* Exceptions for "AuriTailsTests" folder in "AuriTailsUITests" target */,
			);
			path = AuriTailsTests;
			sourceTree = "<group>";
		};
		0F8031472F787F47007671DC /* AuriTailsUITests */ = {
			isa = PBXFileSystemSynchronizedRootGroup;
			path = AuriTailsUITests;
			sourceTree = "<group>";
		};
/* End PBXFileSystemSynchronizedRootGroup section */

/* Begin PBXFrameworksBuildPhase section */
		0F80312A2F787F45007671DC /* Frameworks */ = {
			isa = PBXFrameworksBuildPhase;
			buildActionMask = 2147483647;
			files = (
			);
			runOnlyForDeploymentPostprocessing = 0;
		};
		0F8031372F787F47007671DC /* Frameworks */ = {
			isa = PBXFrameworksBuildPhase;
			buildActionMask = 2147483647;
			files = (
			);
			runOnlyForDeploymentPostprocessing = 0;
		};
		0F8031412F787F47007671DC /* Frameworks */ = {
			isa = PBXFrameworksBuildPhase;
			buildActionMask = 2147483647;
			files = (
			);
			runOnlyForDeploymentPostprocessing = 0;
		};
/* End PBXFrameworksBuildPhase section */

/* Begin PBXGroup section */
		0F8031242F787F45007671DC = {
			isa = PBXGroup;
			children = (
				0F80312F2F787F45007671DC /* AuriTails */,
				0F80313D2F787F47007671DC /* AuriTailsTests */,
				0F8031472F787F47007671DC /* AuriTailsUITests */,
				0F80312E2F787F45007671DC /* Products */,
			);
			sourceTree = "<group>";
		};
		0F80312E2F787F45007671DC /* Products */ = {
			isa = PBXGroup;
			children = (
				0F80312D2F787F45007671DC /* AuriTails.app */,
				0F80313A2F787F47007671DC /* AuriTailsTests.xctest */,
				0F8031442F787F47007671DC /* AuriTailsUITests.xctest */,
			);
			name = Products;
			sourceTree = "<group>";
		};
/* End PBXGroup section */

/* Begin PBXNativeTarget section */
		0F80312C2F787F45007671DC /* AuriTails */ = {
			isa = PBXNativeTarget;
			buildConfigurationList = 0F80314E2F787F47007671DC /* Build configuration list for PBXNativeTarget "AuriTails" */;
			buildPhases = (
				0F8031292F787F45007671DC /* Sources */,
				0F80312A2F787F45007671DC /* Frameworks */,
				0F80312B2F787F45007671DC /* Resources */,
			);
			buildRules = (
			);
			dependencies = (
			);
			fileSystemSynchronizedGroups = (
				0F80312F2F787F45007671DC /* AuriTails */,
			);
			name = AuriTails;
			packageProductDependencies = (
			);
			productName = AuriTails;
			productReference = 0F80312D2F787F45007671DC /* AuriTails.app */;
			productType = "com.apple.product-type.application";
		};
		0F8031392F787F47007671DC /* AuriTailsTests */ = {
			isa = PBXNativeTarget;
			buildConfigurationList = 0F8031512F787F47007671DC /* Build configuration list for PBXNativeTarget "AuriTailsTests" */;
			buildPhases = (
				0F8031362F787F47007671DC /* Sources */,
				0F8031372F787F47007671DC /* Frameworks */,
				0F8031382F787F47007671DC /* Resources */,
			);
			buildRules = (
			);
			dependencies = (
				0F80313C2F787F47007671DC /* PBXTargetDependency */,
			);
			fileSystemSynchronizedGroups = (
				0F80313D2F787F47007671DC /* AuriTailsTests */,
			);
			name = AuriTailsTests;
			packageProductDependencies = (
			);
			productName = AuriTailsTests;
			productReference = 0F80313A2F787F47007671DC /* AuriTailsTests.xctest */;
			productType = "com.apple.product-type.bundle.unit-test";
		};
		0F8031432F787F47007671DC /* AuriTailsUITests */ = {
			isa = PBXNativeTarget;
			buildConfigurationList = 0F8031542F787F47007671DC /* Build configuration list for PBXNativeTarget "AuriTailsUITests" */;
			buildPhases = (
				0F8031402F787F47007671DC /* Sources */,
				0F8031412F787F47007671DC /* Frameworks */,
				0F8031422F787F47007671DC /* Resources */,
			);
			buildRules = (
			);
			dependencies = (
				0F8031462F787F47007671DC /* PBXTargetDependency */,
			);
			fileSystemSynchronizedGroups = (
				0F8031472F787F47007671DC /* AuriTailsUITests */,
			);
			name = AuriTailsUITests;
			packageProductDependencies = (
			);
			productName = AuriTailsUITests;
			productReference = 0F8031442F787F47007671DC /* AuriTailsUITests.xctest */;
			productType = "com.apple.product-type.bundle.ui-testing";
		};
/* End PBXNativeTarget section */

/* Begin PBXProject section */
		0F8031252F787F45007671DC /* Project object */ = {
			isa = PBXProject;
			attributes = {
				BuildIndependentTargetsInParallel = 1;
				LastSwiftUpdateCheck = 2630;
				LastUpgradeCheck = 2630;
				TargetAttributes = {
					0F80312C2F787F45007671DC = {
						CreatedOnToolsVersion = 26.3;
					};
					0F8031392F787F47007671DC = {
						CreatedOnToolsVersion = 26.3;
						TestTargetID = 0F80312C2F787F45007671DC;
					};
					0F8031432F787F47007671DC = {
						CreatedOnToolsVersion = 26.3;
						TestTargetID = 0F80312C2F787F45007671DC;
					};
				};
			};
			buildConfigurationList = 0F8031282F787F45007671DC /* Build configuration list for PBXProject "AuriTails" */;
			developmentRegion = en;
			hasScannedForEncodings = 0;
			knownRegions = (
				en,
				Base,
			);
			mainGroup = 0F8031242F787F45007671DC;
			minimizedProjectReferenceProxies = 1;
			preferredProjectObjectVersion = 77;
			productRefGroup = 0F80312E2F787F45007671DC /* Products */;
			projectDirPath = "";
			projectRoot = "";
			targets = (
				0F80312C2F787F45007671DC /* AuriTails */,
				0F8031392F787F47007671DC /* AuriTailsTests */,
				0F8031432F787F47007671DC /* AuriTailsUITests */,
			);
		};
/* End PBXProject section */

/* Begin PBXResourcesBuildPhase section */
		0F80312B2F787F45007671DC /* Resources */ = {
			isa = PBXResourcesBuildPhase;
			buildActionMask = 2147483647;
			files = (
			);
			runOnlyForDeploymentPostprocessing = 0;
		};
		0F8031382F787F47007671DC /* Resources */ = {
			isa = PBXResourcesBuildPhase;
			buildActionMask = 2147483647;
			files = (
			);
			runOnlyForDeploymentPostprocessing = 0;
		};
		0F8031422F787F47007671DC /* Resources */ = {
			isa = PBXResourcesBuildPhase;
			buildActionMask = 2147483647;
			files = (
			);
			runOnlyForDeploymentPostprocessing = 0;
		};
/* End PBXResourcesBuildPhase section */

/* Begin PBXSourcesBuildPhase section */
		0F8031292F787F45007671DC /* Sources */ = {
			isa = PBXSourcesBuildPhase;
			buildActionMask = 2147483647;
			files = (
			);
			runOnlyForDeploymentPostprocessing = 0;
		};
		0F8031362F787F47007671DC /* Sources */ = {
			isa = PBXSourcesBuildPhase;
			buildActionMask = 2147483647;
			files = (
			);
			runOnlyForDeploymentPostprocessing = 0;
		};
		0F8031402F787F47007671DC /* Sources */ = {
			isa = PBXSourcesBuildPhase;
			buildActionMask = 2147483647;
			files = (
			);
			runOnlyForDeploymentPostprocessing = 0;
		};
/* End PBXSourcesBuildPhase section */

/* Begin PBXTargetDependency section */
		0F80313C2F787F47007671DC /* PBXTargetDependency */ = {
			isa = PBXTargetDependency;
			target = 0F80312C2F787F45007671DC /* AuriTails */;
			targetProxy = 0F80313B2F787F47007671DC /* PBXContainerItemProxy */;
		};
		0F8031462F787F47007671DC /* PBXTargetDependency */ = {
			isa = PBXTargetDependency;
			target = 0F80312C2F787F45007671DC /* AuriTails */;
			targetProxy = 0F8031452F787F47007671DC /* PBXContainerItemProxy */;
		};
/* End PBXTargetDependency section */

/* Begin XCBuildConfiguration section */
		0F80314C2F787F47007671DC /* Debug */ = {
			isa = XCBuildConfiguration;
			buildSettings = {
				ALWAYS_SEARCH_USER_PATHS = NO;
				ASSETCATALOG_COMPILER_GENERATE_SWIFT_ASSET_SYMBOL_EXTENSIONS = YES;
				CLANG_ANALYZER_NONNULL = YES;
				CLANG_ANALYZER_NUMBER_OBJECT_CONVERSION = YES_AGGRESSIVE;
				CLANG_CXX_LANGUAGE_STANDARD = "gnu++20";
				CLANG_ENABLE_MODULES = YES;
				CLANG_ENABLE_OBJC_ARC = YES;
				CLANG_ENABLE_OBJC_WEAK = YES;
				CLANG_WARN_BLOCK_CAPTURE_AUTORELEASING = YES;
				CLANG_WARN_BOOL_CONVERSION = YES;
				CLANG_WARN_COMMA = YES;
				CLANG_WARN_CONSTANT_CONVERSION = YES;
				CLANG_WARN_DEPRECATED_OBJC_IMPLEMENTATIONS = YES;
				CLANG_WARN_DIRECT_OBJC_ISA_USAGE = YES_ERROR;
				CLANG_WARN_DOCUMENTATION_COMMENTS = YES;
				CLANG_WARN_EMPTY_BODY = YES;
				CLANG_WARN_ENUM_CONVERSION = YES;
				CLANG_WARN_INFINITE_RECURSION = YES;
				CLANG_WARN_INT_CONVERSION = YES;
				CLANG_WARN_NON_LITERAL_NULL_CONVERSION = YES;
				CLANG_WARN_OBJC_IMPLICIT_RETAIN_SELF = YES;
				CLANG_WARN_OBJC_LITERAL_CONVERSION = YES;
				CLANG_WARN_OBJC_ROOT_CLASS = YES_ERROR;
				CLANG_WARN_QUOTED_INCLUDE_IN_FRAMEWORK_HEADER = YES;
				CLANG_WARN_RANGE_LOOP_ANALYSIS = YES;
				CLANG_WARN_STRICT_PROTOTYPES = YES;
				CLANG_WARN_SUSPICIOUS_MOVE = YES;
				CLANG_WARN_UNGUARDED_AVAILABILITY = YES_AGGRESSIVE;
				CLANG_WARN_UNREACHABLE_CODE = YES;
				CLANG_WARN__DUPLICATE_METHOD_MATCH = YES;
				COPY_PHASE_STRIP = NO;
				DEBUG_INFORMATION_FORMAT = dwarf;
				DEVELOPMENT_TEAM = R822Q76WSW;
				ENABLE_STRICT_OBJC_MSGSEND = YES;
				ENABLE_TESTABILITY = YES;
				ENABLE_USER_SCRIPT_SANDBOXING = YES;
				GCC_C_LANGUAGE_STANDARD = gnu17;
				GCC_DYNAMIC_NO_PIC = NO;
				GCC_NO_COMMON_BLOCKS = YES;
				GCC_OPTIMIZATION_LEVEL = 0;
				GCC_PREPROCESSOR_DEFINITIONS = (
					"DEBUG=1",
					"$(inherited)",
				);
				GCC_WARN_64_TO_32_BIT_CONVERSION = YES;
				GCC_WARN_ABOUT_RETURN_TYPE = YES_ERROR;
				GCC_WARN_UNDECLARED_SELECTOR = YES;
				GCC_WARN_UNINITIALIZED_AUTOS = YES_AGGRESSIVE;
				GCC_WARN_UNUSED_FUNCTION = YES;
				GCC_WARN_UNUSED_VARIABLE = YES;
				IPHONEOS_DEPLOYMENT_TARGET = 26.2;
				LOCALIZATION_PREFERS_STRING_CATALOGS = YES;
				MTL_ENABLE_DEBUG_INFO = INCLUDE_SOURCE;
				MTL_FAST_MATH = YES;
				ONLY_ACTIVE_ARCH = YES;
				SDKROOT = iphoneos;
				SWIFT_ACTIVE_COMPILATION_CONDITIONS = "DEBUG $(inherited)";
				SWIFT_OPTIMIZATION_LEVEL = "-Onone";
			};
			name = Debug;
		};
		0F80314D2F787F47007671DC /* Release */ = {
			isa = XCBuildConfiguration;
			buildSettings = {
				ALWAYS_SEARCH_USER_PATHS = NO;
				ASSETCATALOG_COMPILER_GENERATE_SWIFT_ASSET_SYMBOL_EXTENSIONS = YES;
				CLANG_ANALYZER_NONNULL = YES;
				CLANG_ANALYZER_NUMBER_OBJECT_CONVERSION = YES_AGGRESSIVE;
				CLANG_CXX_LANGUAGE_STANDARD = "gnu++20";
				CLANG_ENABLE_MODULES = YES;
				CLANG_ENABLE_OBJC_ARC = YES;
				CLANG_ENABLE_OBJC_WEAK = YES;
				CLANG_WARN_BLOCK_CAPTURE_AUTORELEASING = YES;
				CLANG_WARN_BOOL_CONVERSION = YES;
				CLANG_WARN_COMMA = YES;
				CLANG_WARN_CONSTANT_CONVERSION = YES;
				CLANG_WARN_DEPRECATED_OBJC_IMPLEMENTATIONS = YES;
				CLANG_WARN_DIRECT_OBJC_ISA_USAGE = YES_ERROR;
				CLANG_WARN_DOCUMENTATION_COMMENTS = YES;
				CLANG_WARN_EMPTY_BODY = YES;
				CLANG_WARN_ENUM_CONVERSION = YES;
				CLANG_WARN_INFINITE_RECURSION = YES;
				CLANG_WARN_INT_CONVERSION = YES;
				CLANG_WARN_NON_LITERAL_NULL_CONVERSION = YES;
				CLANG_WARN_OBJC_IMPLICIT_RETAIN_SELF = YES;
				CLANG_WARN_OBJC_LITERAL_CONVERSION = YES;
				CLANG_WARN_OBJC_ROOT_CLASS = YES_ERROR;
				CLANG_WARN_QUOTED_INCLUDE_IN_FRAMEWORK_HEADER = YES;
				CLANG_WARN_RANGE_LOOP_ANALYSIS = YES;
				CLANG_WARN_STRICT_PROTOTYPES = YES;
				CLANG_WARN_SUSPICIOUS_MOVE = YES;
				CLANG_WARN_UNGUARDED_AVAILABILITY = YES_AGGRESSIVE;
				CLANG_WARN_UNREACHABLE_CODE = YES;
				CLANG_WARN__DUPLICATE_METHOD_MATCH = YES;
				COPY_PHASE_STRIP = NO;
				DEBUG_INFORMATION_FORMAT = "dwarf-with-dsym";
				DEVELOPMENT_TEAM = R822Q76WSW;
				ENABLE_NS_ASSERTIONS = NO;
				ENABLE_STRICT_OBJC_MSGSEND = YES;
				ENABLE_USER_SCRIPT_SANDBOXING = YES;
				GCC_C_LANGUAGE_STANDARD = gnu17;
				GCC_NO_COMMON_BLOCKS = YES;
				GCC_WARN_64_TO_32_BIT_CONVERSION = YES;
				GCC_WARN_ABOUT_RETURN_TYPE = YES_ERROR;
				GCC_WARN_UNDECLARED_SELECTOR = YES;
				GCC_WARN_UNINITIALIZED_AUTOS = YES_AGGRESSIVE;
				GCC_WARN_UNUSED_FUNCTION = YES;
				GCC_WARN_UNUSED_VARIABLE = YES;
				IPHONEOS_DEPLOYMENT_TARGET = 26.2;
				LOCALIZATION_PREFERS_STRING_CATALOGS = YES;
				MTL_ENABLE_DEBUG_INFO = NO;
				MTL_FAST_MATH = YES;
				SDKROOT = iphoneos;
				SWIFT_COMPILATION_MODE = wholemodule;
				VALIDATE_PRODUCT = YES;
			};
			name = Release;
		};
		0F80314F2F787F47007671DC /* Debug */ = {
			isa = XCBuildConfiguration;
			buildSettings = {
				ASSETCATALOG_COMPILER_APPICON_NAME = AppIcon;
				ASSETCATALOG_COMPILER_GLOBAL_ACCENT_COLOR_NAME = AccentColor;
				CODE_SIGN_STYLE = Automatic;
				CURRENT_PROJECT_VERSION = 1;
				DEVELOPMENT_TEAM = R822Q76WSW;
				ENABLE_PREVIEWS = YES;
				GENERATE_INFOPLIST_FILE = YES;
				INFOPLIST_KEY_UIApplicationSceneManifest_Generation = YES;
				INFOPLIST_KEY_UIApplicationSupportsIndirectInputEvents = YES;
				INFOPLIST_KEY_UILaunchScreen_Generation = NO;
				INFOPLIST_KEY_UILaunchStoryboardName = LaunchScreen;
				INFOPLIST_KEY_UISupportedInterfaceOrientations_iPad = "UIInterfaceOrientationPortrait UIInterfaceOrientationPortraitUpsideDown UIInterfaceOrientationLandscapeLeft UIInterfaceOrientationLandscapeRight";
				INFOPLIST_KEY_UISupportedInterfaceOrientations_iPhone = "UIInterfaceOrientationPortrait UIInterfaceOrientationLandscapeLeft UIInterfaceOrientationLandscapeRight";
				IPHONEOS_DEPLOYMENT_TARGET = 17.6;
				LD_RUNPATH_SEARCH_PATHS = (
					"$(inherited)",
					"@executable_path/Frameworks",
				);
				MARKETING_VERSION = 1.0;
				PRODUCT_BUNDLE_IDENTIFIER = com.SAAAin.AuriTails;
				PRODUCT_NAME = "$(TARGET_NAME)";
				STRING_CATALOG_GENERATE_SYMBOLS = YES;
				SWIFT_APPROACHABLE_CONCURRENCY = YES;
				SWIFT_DEFAULT_ACTOR_ISOLATION = MainActor;
				SWIFT_EMIT_LOC_STRINGS = YES;
				SWIFT_UPCOMING_FEATURE_MEMBER_IMPORT_VISIBILITY = YES;
				SWIFT_VERSION = 5.0;
				TARGETED_DEVICE_FAMILY = "1,2";
			};
			name = Debug;
		};
		0F8031502F787F47007671DC /* Release */ = {
			isa = XCBuildConfiguration;
			buildSettings = {
				ASSETCATALOG_COMPILER_APPICON_NAME = AppIcon;
				ASSETCATALOG_COMPILER_GLOBAL_ACCENT_COLOR_NAME = AccentColor;
				CODE_SIGN_STYLE = Automatic;
				CURRENT_PROJECT_VERSION = 1;
				DEVELOPMENT_TEAM = R822Q76WSW;
				ENABLE_PREVIEWS = YES;
				GENERATE_INFOPLIST_FILE = YES;
				INFOPLIST_KEY_UIApplicationSceneManifest_Generation = YES;
				INFOPLIST_KEY_UIApplicationSupportsIndirectInputEvents = YES;
				INFOPLIST_KEY_UILaunchScreen_Generation = NO;
				INFOPLIST_KEY_UILaunchStoryboardName = LaunchScreen;
				INFOPLIST_KEY_UISupportedInterfaceOrientations_iPad = "UIInterfaceOrientationPortrait UIInterfaceOrientationPortraitUpsideDown UIInterfaceOrientationLandscapeLeft UIInterfaceOrientationLandscapeRight";
				INFOPLIST_KEY_UISupportedInterfaceOrientations_iPhone = "UIInterfaceOrientationPortrait UIInterfaceOrientationLandscapeLeft UIInterfaceOrientationLandscapeRight";
				IPHONEOS_DEPLOYMENT_TARGET = 17.6;
				LD_RUNPATH_SEARCH_PATHS = (
					"$(inherited)",
					"@executable_path/Frameworks",
				);
				MARKETING_VERSION = 1.0;
				PRODUCT_BUNDLE_IDENTIFIER = com.SAAAin.AuriTails;
				PRODUCT_NAME = "$(TARGET_NAME)";
				STRING_CATALOG_GENERATE_SYMBOLS = YES;
				SWIFT_APPROACHABLE_CONCURRENCY = YES;
				SWIFT_DEFAULT_ACTOR_ISOLATION = MainActor;
				SWIFT_EMIT_LOC_STRINGS = YES;
				SWIFT_UPCOMING_FEATURE_MEMBER_IMPORT_VISIBILITY = YES;
				SWIFT_VERSION = 5.0;
				TARGETED_DEVICE_FAMILY = "1,2";
			};
			name = Release;
		};
		0F8031522F787F47007671DC /* Debug */ = {
			isa = XCBuildConfiguration;
			buildSettings = {
				BUNDLE_LOADER = "$(TEST_HOST)";
				CODE_SIGN_STYLE = Automatic;
				CURRENT_PROJECT_VERSION = 1;
				DEVELOPMENT_TEAM = R822Q76WSW;
				GENERATE_INFOPLIST_FILE = YES;
				IPHONEOS_DEPLOYMENT_TARGET = 26.2;
				MARKETING_VERSION = 1.0;
				PRODUCT_BUNDLE_IDENTIFIER = com.SAAAin.AuriTailsTests;
				PRODUCT_NAME = "$(TARGET_NAME)";
				STRING_CATALOG_GENERATE_SYMBOLS = NO;
				SWIFT_APPROACHABLE_CONCURRENCY = YES;
				SWIFT_EMIT_LOC_STRINGS = NO;
				SWIFT_UPCOMING_FEATURE_MEMBER_IMPORT_VISIBILITY = YES;
				SWIFT_VERSION = 5.0;
				TARGETED_DEVICE_FAMILY = "1,2";
				TEST_HOST = "$(BUILT_PRODUCTS_DIR)/AuriTails.app/$(BUNDLE_EXECUTABLE_FOLDER_PATH)/AuriTails";
			};
			name = Debug;
		};
		0F8031532F787F47007671DC /* Release */ = {
			isa = XCBuildConfiguration;
			buildSettings = {
				BUNDLE_LOADER = "$(TEST_HOST)";
				CODE_SIGN_STYLE = Automatic;
				CURRENT_PROJECT_VERSION = 1;
				DEVELOPMENT_TEAM = R822Q76WSW;
				GENERATE_INFOPLIST_FILE = YES;
				IPHONEOS_DEPLOYMENT_TARGET = 26.2;
				MARKETING_VERSION = 1.0;
				PRODUCT_BUNDLE_IDENTIFIER = com.SAAAin.AuriTailsTests;
				PRODUCT_NAME = "$(TARGET_NAME)";
				STRING_CATALOG_GENERATE_SYMBOLS = NO;
				SWIFT_APPROACHABLE_CONCURRENCY = YES;
				SWIFT_EMIT_LOC_STRINGS = NO;
				SWIFT_UPCOMING_FEATURE_MEMBER_IMPORT_VISIBILITY = YES;
				SWIFT_VERSION = 5.0;
				TARGETED_DEVICE_FAMILY = "1,2";
				TEST_HOST = "$(BUILT_PRODUCTS_DIR)/AuriTails.app/$(BUNDLE_EXECUTABLE_FOLDER_PATH)/AuriTails";
			};
			name = Release;
		};
		0F8031552F787F47007671DC /* Debug */ = {
			isa = XCBuildConfiguration;
			buildSettings = {
				CODE_SIGN_STYLE = Automatic;
				CURRENT_PROJECT_VERSION = 1;
				DEVELOPMENT_TEAM = R822Q76WSW;
				GENERATE_INFOPLIST_FILE = YES;
				MARKETING_VERSION = 1.0;
				PRODUCT_BUNDLE_IDENTIFIER = com.SAAAin.AuriTailsUITests;
				PRODUCT_NAME = "$(TARGET_NAME)";
				STRING_CATALOG_GENERATE_SYMBOLS = NO;
				SWIFT_APPROACHABLE_CONCURRENCY = YES;
				SWIFT_EMIT_LOC_STRINGS = NO;
				SWIFT_UPCOMING_FEATURE_MEMBER_IMPORT_VISIBILITY = YES;
				SWIFT_VERSION = 5.0;
				TARGETED_DEVICE_FAMILY = "1,2";
				TEST_TARGET_NAME = AuriTails;
			};
			name = Debug;
		};
		0F8031562F787F47007671DC /* Release */ = {
			isa = XCBuildConfiguration;
			buildSettings = {
				CODE_SIGN_STYLE = Automatic;
				CURRENT_PROJECT_VERSION = 1;
				DEVELOPMENT_TEAM = R822Q76WSW;
				GENERATE_INFOPLIST_FILE = YES;
				MARKETING_VERSION = 1.0;
				PRODUCT_BUNDLE_IDENTIFIER = com.SAAAin.AuriTailsUITests;
				PRODUCT_NAME = "$(TARGET_NAME)";
				STRING_CATALOG_GENERATE_SYMBOLS = NO;
				SWIFT_APPROACHABLE_CONCURRENCY = YES;
				SWIFT_EMIT_LOC_STRINGS = NO;
				SWIFT_UPCOMING_FEATURE_MEMBER_IMPORT_VISIBILITY = YES;
				SWIFT_VERSION = 5.0;
				TARGETED_DEVICE_FAMILY = "1,2";
				TEST_TARGET_NAME = AuriTails;
			};
			name = Release;
		};
/* End XCBuildConfiguration section */

/* Begin XCConfigurationList section */
		0F8031282F787F45007671DC /* Build configuration list for PBXProject "AuriTails" */ = {
			isa = XCConfigurationList;
			buildConfigurations = (
				0F80314C2F787F47007671DC /* Debug */,
				0F80314D2F787F47007671DC /* Release */,
			);
			defaultConfigurationIsVisible = 0;
			defaultConfigurationName = Release;
		};
		0F80314E2F787F47007671DC /* Build configuration list for PBXNativeTarget "AuriTails" */ = {
			isa = XCConfigurationList;
			buildConfigurations = (
				0F80314F2F787F47007671DC /* Debug */,
				0F8031502F787F47007671DC /* Release */,
			);
			defaultConfigurationIsVisible = 0;
			defaultConfigurationName = Release;
		};
		0F8031512F787F47007671DC /* Build configuration list for PBXNativeTarget "AuriTailsTests" */ = {
			isa = XCConfigurationList;
			buildConfigurations = (
				0F8031522F787F47007671DC /* Debug */,
				0F8031532F787F47007671DC /* Release */,
			);
			defaultConfigurationIsVisible = 0;
			defaultConfigurationName = Release;
		};
		0F8031542F787F47007671DC /* Build configuration list for PBXNativeTarget "AuriTailsUITests" */ = {
			isa = XCConfigurationList;
			buildConfigurations = (
				0F8031552F787F47007671DC /* Debug */,
				0F8031562F787F47007671DC /* Release */,
			);
			defaultConfigurationIsVisible = 0;
			defaultConfigurationName = Release;
		};
/* End XCConfigurationList section */
	};
	rootObject = 0F8031252F787F45007671DC /* Project object */;
}
